<?xml version="1.0" encoding="UTF-8" standalone="yes" ?>
<CodeBlocks_project_file>
	<FileVersion major="1" minor="6" />
	<Project>
		<Option title="cigmar" />
		<Option pch_mode="2" />
		<Option compiler="gcc" />
		<Build>
			<Target title="Debug">
				<Option output="bin/Debug/cigmar" prefix_auto="1" extension_auto="1" />
				<Option object_output="obj/Debug/" />
				<Option type="1" />
				<Option compiler="gcc" />
				<Compiler>
					<Add option="-std=c++11" />
					<Add option="-g" />
				</Compiler>
			</Target>
			<Target title="Release">
				<Option output="bin/Release/cigmar" prefix_auto="1" extension_auto="1" />
				<Option object_output="obj/Release/" />
				<Option type="1" />
				<Option compiler="gcc" />
				<Compiler>
					<Add option="-O2" />
					<Add directory="." />
				</Compiler>
				<Linker>
					<Add option="-s" />
				</Linker>
			</Target>
		</Build>
		<Compiler>
			<Add option="-Wall" />
			<Add option="-fexceptions" />
		</Compiler>
		<Unit filename="cigmar/String.hpp" />
		<Unit filename="cigmar/config.hpp" />
		<Unit filename="cigmar/init.hpp" />
		<Unit filename="cigmar/numbers.hpp" />
		<Unit filename="cigmar/primitive/classes.hpp" />
		<Unit filename="cigmar/primitive/classes/ArrayList.hpp" />
		<Unit filename="cigmar/primitive/classes/HashMap.hpp" />
		<Unit filename="cigmar/primitive/classes/HashSet.hpp" />
		<Unit filename="cigmar/primitive/classes/Queue.hpp" />
		<Unit filename="cigmar/primitive/classes/Stack.hpp" />
		<Unit filename="cigmar/primitive/classes/TreeMap.hpp" />
		<Unit filename="cigmar/primitive/classes/TreeSet.hpp" />
		<Unit filename="cigmar/primitive/classes/array_t.hpp" />
		<Unit filename="cigmar/primitive/interfaces.hpp" />
		<Unit filename="cigmar/primitive/interfaces/Streamable.hpp" />
		<Unit filename="cigmar/primitive/symbols.hpp" />
		<Unit filename="cigmar/primitive/types.hpp" />
		<Unit filename="cigmar/primitive/types/pos_t.hpp" />
		<Unit filename="cigmar/primitive/types/return_t.hpp" />
		<Unit filename="cigmar/primitive/utils.hpp" />
		<Unit filename="cigmar/unittests.hpp" />
		<Unit filename="cigmar/utils.cpp" />
		<Unit filename="cigmar/utils.hpp" />
		<Unit filename="main.cpp" />
		<Extensions>
			<code_completion />
			<envvars />
			<debugger />
		</Extensions>
	</Project>
</CodeBlocks_project_file>
