<?xml version="1.0" encoding="UTF-8" standalone="yes" ?>
<CodeBlocks_project_file>
	<FileVersion major="1" minor="6" />
	<Project>
		<Option title="cigmar" />
		<Option pch_mode="2" />
		<Option compiler="gcc" />
		<Build>
			<Target title="Debug">
				<Option output="bin/Debug/cigmar" prefix_auto="1" extension_auto="1" />
				<Option object_output="obj/Debug/" />
				<Option type="1" />
				<Option compiler="gcc" />
				<Compiler>
					<Add option="-std=c++11" />
					<Add option="-g" />
					<Add directory="." />
				</Compiler>
			</Target>
			<Target title="Release">
				<Option output="bin/Release/cigmar" prefix_auto="1" extension_auto="1" />
				<Option object_output="obj/Release/" />
				<Option type="1" />
				<Option compiler="gcc" />
				<Compiler>
					<Add option="-O2" />
					<Add option="-std=c++11" />
					<Add directory="." />
				</Compiler>
				<Linker>
					<Add option="-s" />
				</Linker>
			</Target>
		</Build>
		<Compiler>
			<Add option="-Wall" />
			<Add option="-fexceptions" />
		</Compiler>
		<Unit filename="cigmar/base64.hpp" />
		<Unit filename="cigmar/classes/ArrayList.hpp" />
		<Unit filename="cigmar/classes/Char.hpp" />
		<Unit filename="cigmar/classes/Exception.hpp" />
		<Unit filename="cigmar/classes/HashMap.hpp" />
		<Unit filename="cigmar/classes/HashSet.hpp" />
		<Unit filename="cigmar/classes/Queue.hpp" />
		<Unit filename="cigmar/classes/Stack.hpp" />
		<Unit filename="cigmar/classes/String.hpp" />
		<Unit filename="cigmar/classes/Timer.hpp" />
		<Unit filename="cigmar/classes/TreeMap.hpp" />
		<Unit filename="cigmar/classes/TreeSet.hpp" />
		<Unit filename="cigmar/classes/array_t.hpp" />
		<Unit filename="cigmar/filesystem.hpp" />
		<Unit filename="cigmar/init.hpp" />
		<Unit filename="cigmar/interfaces/Comparable.hpp" />
		<Unit filename="cigmar/interfaces/Hashable.hpp" />
		<Unit filename="cigmar/interfaces/Streamable.hpp" />
		<Unit filename="cigmar/numbers.hpp" />
		<Unit filename="cigmar/print.hpp" />
		<Unit filename="cigmar/std.hpp" />
		<Unit filename="cigmar/symbols.hpp" />
		<Unit filename="cigmar/time.hpp" />
		<Unit filename="cigmar/types/pos_t.hpp" />
		<Unit filename="cigmar/unittests.hpp" />
		<Unit filename="cigmar/utils.hpp" />
		<Unit filename="cigmar/whirlpool.hpp" />
		<Unit filename="cpp/base64.cpp" />
		<Unit filename="cpp/cigmar.cpp" />
		<Unit filename="cpp/filesystem.cpp" />
		<Unit filename="cpp/filesystem_unix.inc" />
		<Unit filename="cpp/filesystem_windows.inc" />
		<Unit filename="cpp/unittests.cpp" />
		<Unit filename="cpp/whirlpool.cpp" />
		<Unit filename="libraries/base64/base64.hpp" />
		<Unit filename="libraries/json/json.hpp" />
		<Unit filename="libraries/whirlpool/Whirlpool.cpp" />
		<Unit filename="libraries/whirlpool/nessie.h" />
		<Unit filename="main.cpp" />
		<Unit filename="tests/test_HashMap.cpp" />
		<Unit filename="tests/test_Queue.cpp" />
		<Unit filename="tests/test_Stack.cpp" />
		<Unit filename="tests/test_TreeMap.cpp" />
		<Unit filename="tests/test_cigmar.cpp" />
		<Unit filename="tests/test_filesystem.cpp" />
		<Unit filename="tests/test_time.cpp" />
		<Unit filename="tests/test_video.cpp" />
		<Unit filename="video/Video.hpp" />
		<Unit filename="video/ffmpeg.cpp" />
		<Unit filename="video/ffmpeg.hpp" />
		<Extensions>
			<code_completion />
			<envvars />
			<debugger />
		</Extensions>
	</Project>
</CodeBlocks_project_file>
