<?xml version="1.0" encoding="UTF-8" standalone="yes" ?>
<CodeBlocks_project_file>
	<FileVersion major="1" minor="6" />
	<Project>
		<Option title="cigmar" />
		<Option pch_mode="2" />
		<Option compiler="gcc" />
		<Build>
			<Target title="Debug">
				<Option output="bin/Debug/cigmar" prefix_auto="1" extension_auto="1" />
				<Option working_dir=".." />
				<Option object_output="obj/Debug/" />
				<Option type="1" />
				<Option compiler="gcc" />
				<Compiler>
					<Add option="-std=c++11" />
					<Add option="-g" />
				</Compiler>
			</Target>
			<Target title="Release">
				<Option output="bin/Release/cigmar" prefix_auto="1" extension_auto="1" />
				<Option working_dir=".." />
				<Option object_output="obj/Release/" />
				<Option type="1" />
				<Option compiler="gcc" />
				<Compiler>
					<Add option="-O2" />
					<Add option="-std=c++11" />
				</Compiler>
				<Linker>
					<Add option="-s" />
				</Linker>
			</Target>
		</Build>
		<Compiler>
			<Add option="-Wall" />
			<Add option="-fexceptions" />
			<Add directory="../src" />
		</Compiler>
		<Unit filename="../src/cigmar/base64.hpp" />
		<Unit filename="../src/cigmar/classes/ArrayList.hpp" />
		<Unit filename="../src/cigmar/classes/Char.hpp" />
		<Unit filename="../src/cigmar/classes/Exception.hpp" />
		<Unit filename="../src/cigmar/classes/HashMap.hpp" />
		<Unit filename="../src/cigmar/classes/HashSet.hpp" />
		<Unit filename="../src/cigmar/classes/Queue.hpp" />
		<Unit filename="../src/cigmar/classes/Stack.hpp" />
		<Unit filename="../src/cigmar/classes/String.hpp" />
		<Unit filename="../src/cigmar/classes/StringView.hpp" />
		<Unit filename="../src/cigmar/classes/Timer.hpp" />
		<Unit filename="../src/cigmar/classes/TreeMap.hpp" />
		<Unit filename="../src/cigmar/classes/TreeSet.hpp" />
		<Unit filename="../src/cigmar/classes/Array.hpp" />
		<Unit filename="../src/cigmar/filesystem.hpp" />
		<Unit filename="../src/cigmar/hex.hpp" />
		<Unit filename="../src/cigmar/init.hpp" />
		<Unit filename="../src/cigmar/interfaces/Comparable.hpp" />
		<Unit filename="../src/cigmar/interfaces/CrossComparable.hpp" />
		<Unit filename="../src/cigmar/interfaces/Hashable.hpp" />
		<Unit filename="../src/cigmar/interfaces/Streamable.hpp" />
		<Unit filename="../src/cigmar/numbers.hpp" />
		<Unit filename="../src/cigmar/print.hpp" />
		<Unit filename="../src/cigmar/std.hpp" />
		<Unit filename="../src/cigmar/symbols.hpp" />
		<Unit filename="../src/cigmar/time.hpp" />
		<Unit filename="../src/cigmar/types/pos_t.hpp" />
		<Unit filename="../src/cigmar/unittests.hpp" />
		<Unit filename="../src/cigmar/utils/Hasher.hpp" />
		<Unit filename="../src/cigmar/whirlpool.hpp" />
		<Unit filename="../src/cpp/base64.cpp" />
		<Unit filename="../src/cpp/cigmar.cpp" />
		<Unit filename="../src/cpp/filesystem.cpp" />
		<Unit filename="../src/cpp/filesystem_unix.inc" />
		<Unit filename="../src/cpp/filesystem_windows.inc" />
		<Unit filename="../src/cpp/unittests.cpp" />
		<Unit filename="../src/cpp/whirlpool.cpp" />
		<Unit filename="../src/libraries/base64/base64.hpp" />
		<Unit filename="../src/libraries/json/json.hpp" />
		<Unit filename="../src/libraries/whirlpool/Whirlpool.cpp" />
		<Unit filename="../src/libraries/whirlpool/nessie.h" />
		<Unit filename="../src/main.cpp" />
		<Unit filename="../src/tests/test_HashMap.cpp" />
		<Unit filename="../src/tests/test_Queue.cpp" />
		<Unit filename="../src/tests/test_Stack.cpp" />
		<Unit filename="../src/tests/test_String.cpp" />
		<Unit filename="../src/tests/test_TreeMap.cpp" />
		<Unit filename="../src/tests/test_arrays.cpp" />
		<Unit filename="../src/tests/test_cigmar.cpp" />
		<Unit filename="../src/tests/test_encodings.cpp" />
		<Unit filename="../src/tests/test_filesystem.cpp" />
		<Unit filename="../src/tests/test_time.cpp" />
		<Unit filename="../src/tests/test_video.cpp" />
		<Unit filename="../src/video/Video.hpp" />
		<Unit filename="../src/video/ffmpeg.cpp" />
		<Unit filename="../src/video/ffmpeg.hpp" />
		<Extensions>
			<code_completion />
			<envvars />
			<debugger />
		</Extensions>
	</Project>
</CodeBlocks_project_file>
